
Microsoft Visual Studio Solution File, Format Version 12.00
# Visual Studio 15
VisualStudioVersion = 15.0.26020.0
MinimumVisualStudioVersion = 10.0.40219.1
Project("{FAE04EC0-301F-11D3-BF4B-00C04F79EFBC}") = "Dz.Redis", "Dz.Redis\Dz.Redis.csproj", "{BB4D68BE-215D-4860-A861-8699046EB56C}"
EndProject
Project("{FAE04EC0-301F-11D3-BF4B-00C04F79EFBC}") = "ConsoleApp", "ConsoleApp\ConsoleApp.csproj", "{05FD52F5-378E-4926-854B-B44A0B8E76E6}"
EndProject
Project("{FAE04EC0-301F-11D3-BF4B-00C04F79EFBC}") = "Dz.OSS", "Dz.OSS\Dz.OSS.csproj", "{2AD67EAC-3BB3-49EA-A661-59DA1C60EF14}"
EndProject
Project("{FAE04EC0-301F-11D3-BF4B-00C04F79EFBC}") = "Dz.NPOI", "Dz.NPOI\Dz.NPOI.csproj", "{BB0015CF-030C-4DEA-8B08-4B3EDE24F23A}"
EndProject
Project("{2150E333-8FDC-42A3-9474-1A3956D46DE8}") = "Test", "Test", "{D6E7D1F0-2305-4B03-82C4-C14A3D511B3A}"
EndProject
Project("{FAE04EC0-301F-11D3-BF4B-00C04F79EFBC}") = "Dz.Test", "Dz.Test\Dz.Test.csproj", "{55BF2111-2C3A-4EBB-8F77-835F58492554}"
EndProject
Project("{FAE04EC0-301F-11D3-BF4B-00C04F79EFBC}") = "Dz.Core", "Dz.Core\Dz.Core.csproj", "{FD40D398-A76E-4673-AA1B-254371274D67}"
EndProject
Global
	GlobalSection(SolutionConfigurationPlatforms) = preSolution
		Debug|Any CPU = Debug|Any CPU
		Release|Any CPU = Release|Any CPU
	EndGlobalSection
	GlobalSection(ProjectConfigurationPlatforms) = postSolution
		{BB4D68BE-215D-4860-A861-8699046EB56C}.Debug|Any CPU.ActiveCfg = Debug|Any CPU
		{BB4D68BE-215D-4860-A861-8699046EB56C}.Debug|Any CPU.Build.0 = Debug|Any CPU
		{BB4D68BE-215D-4860-A861-8699046EB56C}.Release|Any CPU.ActiveCfg = Release|Any CPU
		{BB4D68BE-215D-4860-A861-8699046EB56C}.Release|Any CPU.Build.0 = Release|Any CPU
		{05FD52F5-378E-4926-854B-B44A0B8E76E6}.Debug|Any CPU.ActiveCfg = Debug|Any CPU
		{05FD52F5-378E-4926-854B-B44A0B8E76E6}.Debug|Any CPU.Build.0 = Debug|Any CPU
		{05FD52F5-378E-4926-854B-B44A0B8E76E6}.Release|Any CPU.ActiveCfg = Release|Any CPU
		{05FD52F5-378E-4926-854B-B44A0B8E76E6}.Release|Any CPU.Build.0 = Release|Any CPU
		{2AD67EAC-3BB3-49EA-A661-59DA1C60EF14}.Debug|Any CPU.ActiveCfg = Debug|Any CPU
		{2AD67EAC-3BB3-49EA-A661-59DA1C60EF14}.Debug|Any CPU.Build.0 = Debug|Any CPU
		{2AD67EAC-3BB3-49EA-A661-59DA1C60EF14}.Release|Any CPU.ActiveCfg = Release|Any CPU
		{2AD67EAC-3BB3-49EA-A661-59DA1C60EF14}.Release|Any CPU.Build.0 = Release|Any CPU
		{BB0015CF-030C-4DEA-8B08-4B3EDE24F23A}.Debug|Any CPU.ActiveCfg = Debug|Any CPU
		{BB0015CF-030C-4DEA-8B08-4B3EDE24F23A}.Debug|Any CPU.Build.0 = Debug|Any CPU
		{BB0015CF-030C-4DEA-8B08-4B3EDE24F23A}.Release|Any CPU.ActiveCfg = Release|Any CPU
		{BB0015CF-030C-4DEA-8B08-4B3EDE24F23A}.Release|Any CPU.Build.0 = Release|Any CPU
		{55BF2111-2C3A-4EBB-8F77-835F58492554}.Debug|Any CPU.ActiveCfg = Debug|Any CPU
		{55BF2111-2C3A-4EBB-8F77-835F58492554}.Debug|Any CPU.Build.0 = Debug|Any CPU
		{55BF2111-2C3A-4EBB-8F77-835F58492554}.Release|Any CPU.ActiveCfg = Release|Any CPU
		{55BF2111-2C3A-4EBB-8F77-835F58492554}.Release|Any CPU.Build.0 = Release|Any CPU
		{FD40D398-A76E-4673-AA1B-254371274D67}.Debug|Any CPU.ActiveCfg = Debug|Any CPU
		{FD40D398-A76E-4673-AA1B-254371274D67}.Debug|Any CPU.Build.0 = Debug|Any CPU
		{FD40D398-A76E-4673-AA1B-254371274D67}.Release|Any CPU.ActiveCfg = Release|Any CPU
		{FD40D398-A76E-4673-AA1B-254371274D67}.Release|Any CPU.Build.0 = Release|Any CPU
	EndGlobalSection
	GlobalSection(SolutionProperties) = preSolution
		HideSolutionNode = FALSE
	EndGlobalSection
	GlobalSection(NestedProjects) = preSolution
		{55BF2111-2C3A-4EBB-8F77-835F58492554} = {D6E7D1F0-2305-4B03-82C4-C14A3D511B3A}
	EndGlobalSection
EndGlobal
